
Microsoft Visual Studio Solution File, Format Version 12.00
# Visual Studio Version 16
VisualStudioVersion = 16.0.30204.135
MinimumVisualStudioVersion = 10.0.40219.1
Project("{FAE04EC0-301F-11D3-BF4B-00C04F79EFBC}") = "SalesWebMVC", "SalesWebMVC\SalesWebMVC.csproj", "{C440816B-CFA3-488F-8C46-A5AF9230903F}"
EndProject
Global
	GlobalSection(SolutionConfigurationPlatforms) = preSolution
		Debug|Any CPU = Debug|Any CPU
		Release|Any CPU = Release|Any CPU
	EndGlobalSection
	GlobalSection(ProjectConfigurationPlatforms) = postSolution
		{C440816B-CFA3-488F-8C46-A5AF9230903F}.Debug|Any CPU.ActiveCfg = Debug|Any CPU
		{C440816B-CFA3-488F-8C46-A5AF9230903F}.Debug|Any CPU.Build.0 = Debug|Any CPU
		{C440816B-CFA3-488F-8C46-A5AF9230903F}.Release|Any CPU.ActiveCfg = Release|Any CPU
		{C440816B-CFA3-488F-8C46-A5AF9230903F}.Release|Any CPU.Build.0 = Release|Any CPU
	EndGlobalSection
	GlobalSection(SolutionProperties) = preSolution
		HideSolutionNode = FALSE
	EndGlobalSection
	GlobalSection(ExtensibilityGlobals) = postSolution
		SolutionGuid = {270A602F-2EC5-42D0-B8FF-061414728C91}
	EndGlobalSection
EndGlobal
